
Microsoft Visual Studio Solution File, Format Version 12.00
# Visual Studio for Mac
Project("{FAE04EC0-301F-11D3-BF4B-00C04F79EFBC}") = "2DRoguelikeLearn.Plugins", "2DRoguelikeLearn.Plugins.csproj", "{2E432DAE-69CC-B9A0-2145-40C37374E4C4}"
EndProject
Project("{FAE04EC0-301F-11D3-BF4B-00C04F79EFBC}") = "2DRoguelikeLearn", "2DRoguelikeLearn.csproj", "{C87A6CEF-3F58-A9F0-037A-8E61845EABF1}"
EndProject
Project("{FAE04EC0-301F-11D3-BF4B-00C04F79EFBC}") = "2DRoguelikeLearn.Editor.Plugins", "2DRoguelikeLearn.Editor.Plugins.csproj", "{F1BF380A-60F1-4FF9-E862-63C2CF988500}"
EndProject
Project("{FAE04EC0-301F-11D3-BF4B-00C04F79EFBC}") = "2DRoguelikeLearn.Editor", "2DRoguelikeLearn.Editor.csproj", "{0A9600CF-7DD3-AD53-D916-851D148C322A}"
EndProject
Global
	GlobalSection(SolutionConfigurationPlatforms) = preSolution
		Debug|Any CPU = Debug|Any CPU
		Release|Any CPU = Release|Any CPU
	EndGlobalSection
	GlobalSection(ProjectConfigurationPlatforms) = postSolution
		{2E432DAE-69CC-B9A0-2145-40C37374E4C4}.Debug|Any CPU.ActiveCfg = Debug|Any CPU
		{2E432DAE-69CC-B9A0-2145-40C37374E4C4}.Debug|Any CPU.Build.0 = Debug|Any CPU
		{2E432DAE-69CC-B9A0-2145-40C37374E4C4}.Release|Any CPU.ActiveCfg = Release|Any CPU
		{2E432DAE-69CC-B9A0-2145-40C37374E4C4}.Release|Any CPU.Build.0 = Release|Any CPU
		{C87A6CEF-3F58-A9F0-037A-8E61845EABF1}.Debug|Any CPU.ActiveCfg = Debug|Any CPU
		{C87A6CEF-3F58-A9F0-037A-8E61845EABF1}.Debug|Any CPU.Build.0 = Debug|Any CPU
		{C87A6CEF-3F58-A9F0-037A-8E61845EABF1}.Release|Any CPU.ActiveCfg = Release|Any CPU
		{C87A6CEF-3F58-A9F0-037A-8E61845EABF1}.Release|Any CPU.Build.0 = Release|Any CPU
		{F1BF380A-60F1-4FF9-E862-63C2CF988500}.Debug|Any CPU.ActiveCfg = Debug|Any CPU
		{F1BF380A-60F1-4FF9-E862-63C2CF988500}.Debug|Any CPU.Build.0 = Debug|Any CPU
		{F1BF380A-60F1-4FF9-E862-63C2CF988500}.Release|Any CPU.ActiveCfg = Release|Any CPU
		{F1BF380A-60F1-4FF9-E862-63C2CF988500}.Release|Any CPU.Build.0 = Release|Any CPU
		{0A9600CF-7DD3-AD53-D916-851D148C322A}.Debug|Any CPU.ActiveCfg = Debug|Any CPU
		{0A9600CF-7DD3-AD53-D916-851D148C322A}.Debug|Any CPU.Build.0 = Debug|Any CPU
		{0A9600CF-7DD3-AD53-D916-851D148C322A}.Release|Any CPU.ActiveCfg = Release|Any CPU
		{0A9600CF-7DD3-AD53-D916-851D148C322A}.Release|Any CPU.Build.0 = Release|Any CPU
	EndGlobalSection
	GlobalSection(SolutionProperties) = preSolution
		HideSolutionNode = FALSE
	EndGlobalSection
EndGlobal
